
Microsoft Visual Studio Solution File, Format Version 12.00
# Visual Studio Version 17
VisualStudioVersion = 17.7.34024.191
MinimumVisualStudioVersion = 10.0.40219.1
Project("{FAE04EC0-301F-11D3-BF4B-00C04F79EFBC}") = "Tumakov2Upr1", "Tumakov2\Tumakov2Upr1.csproj", "{FD01EC32-E249-4A4F-B9C2-60148BB2A964}"
EndProject
Project("{FAE04EC0-301F-11D3-BF4B-00C04F79EFBC}") = "Tumakov3", "Tumakov3\Tumakov3.csproj", "{CAA75C69-385F-440F-A0D6-BD03A941560D}"
EndProject
Project("{FAE04EC0-301F-11D3-BF4B-00C04F79EFBC}") = "UserTask1", "UserTasks\UserTask1.csproj", "{747FAFC1-0486-4671-9D90-6304D6FF0F83}"
EndProject
Project("{FAE04EC0-301F-11D3-BF4B-00C04F79EFBC}") = "Tumakov2Upr2", "Tumakov2Upr2\Tumakov2Upr2.csproj", "{810CD48E-83EE-47C5-BDCB-A57A030F289E}"
EndProject
Project("{FAE04EC0-301F-11D3-BF4B-00C04F79EFBC}") = "Tumakov2dz1", "Tumakov2dz1\Tumakov2dz1.csproj", "{932A26CC-93EE-4C4C-B9FE-F908EBD8B907}"
EndProject
Project("{FAE04EC0-301F-11D3-BF4B-00C04F79EFBC}") = "Tumakov2dz2", "Tumakov2dz2\Tumakov2dz2.csproj", "{F473E7BE-7E80-423C-8E8A-EAA4DC6CEEDF}"
EndProject
Project("{FAE04EC0-301F-11D3-BF4B-00C04F79EFBC}") = "UserTask2", "UserTask2\UserTask2.csproj", "{85116D9C-2379-4BBE-B6FA-2C63AC1C648F}"
EndProject
Project("{FAE04EC0-301F-11D3-BF4B-00C04F79EFBC}") = "UserTask3", "UserTask3\UserTask3.csproj", "{AE36313D-80B6-4C1F-A637-2CC209FE5E45}"
EndProject
Project("{FAE04EC0-301F-11D3-BF4B-00C04F79EFBC}") = "UserTask5", "UserTask5\UserTask5.csproj", "{B0DB80E8-2B40-408E-B400-0BDC6FB26B78}"
EndProject
Project("{FAE04EC0-301F-11D3-BF4B-00C04F79EFBC}") = "UserTask6", "UserTask6\UserTask6.csproj", "{F040AA5A-DEF7-4C54-B4C2-90CF14B0ABB8}"
EndProject
Global
	GlobalSection(SolutionConfigurationPlatforms) = preSolution
		Debug|Any CPU = Debug|Any CPU
		Release|Any CPU = Release|Any CPU
	EndGlobalSection
	GlobalSection(ProjectConfigurationPlatforms) = postSolution
		{FD01EC32-E249-4A4F-B9C2-60148BB2A964}.Debug|Any CPU.ActiveCfg = Debug|Any CPU
		{FD01EC32-E249-4A4F-B9C2-60148BB2A964}.Debug|Any CPU.Build.0 = Debug|Any CPU
		{FD01EC32-E249-4A4F-B9C2-60148BB2A964}.Release|Any CPU.ActiveCfg = Release|Any CPU
		{FD01EC32-E249-4A4F-B9C2-60148BB2A964}.Release|Any CPU.Build.0 = Release|Any CPU
		{CAA75C69-385F-440F-A0D6-BD03A941560D}.Debug|Any CPU.ActiveCfg = Debug|Any CPU
		{CAA75C69-385F-440F-A0D6-BD03A941560D}.Debug|Any CPU.Build.0 = Debug|Any CPU
		{CAA75C69-385F-440F-A0D6-BD03A941560D}.Release|Any CPU.ActiveCfg = Release|Any CPU
		{CAA75C69-385F-440F-A0D6-BD03A941560D}.Release|Any CPU.Build.0 = Release|Any CPU
		{747FAFC1-0486-4671-9D90-6304D6FF0F83}.Debug|Any CPU.ActiveCfg = Debug|Any CPU
		{747FAFC1-0486-4671-9D90-6304D6FF0F83}.Debug|Any CPU.Build.0 = Debug|Any CPU
		{747FAFC1-0486-4671-9D90-6304D6FF0F83}.Release|Any CPU.ActiveCfg = Release|Any CPU
		{747FAFC1-0486-4671-9D90-6304D6FF0F83}.Release|Any CPU.Build.0 = Release|Any CPU
		{810CD48E-83EE-47C5-BDCB-A57A030F289E}.Debug|Any CPU.ActiveCfg = Debug|Any CPU
		{810CD48E-83EE-47C5-BDCB-A57A030F289E}.Debug|Any CPU.Build.0 = Debug|Any CPU
		{810CD48E-83EE-47C5-BDCB-A57A030F289E}.Release|Any CPU.ActiveCfg = Release|Any CPU
		{810CD48E-83EE-47C5-BDCB-A57A030F289E}.Release|Any CPU.Build.0 = Release|Any CPU
		{932A26CC-93EE-4C4C-B9FE-F908EBD8B907}.Debug|Any CPU.ActiveCfg = Debug|Any CPU
		{932A26CC-93EE-4C4C-B9FE-F908EBD8B907}.Debug|Any CPU.Build.0 = Debug|Any CPU
		{932A26CC-93EE-4C4C-B9FE-F908EBD8B907}.Release|Any CPU.ActiveCfg = Release|Any CPU
		{932A26CC-93EE-4C4C-B9FE-F908EBD8B907}.Release|Any CPU.Build.0 = Release|Any CPU
		{F473E7BE-7E80-423C-8E8A-EAA4DC6CEEDF}.Debug|Any CPU.ActiveCfg = Debug|Any CPU
		{F473E7BE-7E80-423C-8E8A-EAA4DC6CEEDF}.Debug|Any CPU.Build.0 = Debug|Any CPU
		{F473E7BE-7E80-423C-8E8A-EAA4DC6CEEDF}.Release|Any CPU.ActiveCfg = Release|Any CPU
		{F473E7BE-7E80-423C-8E8A-EAA4DC6CEEDF}.Release|Any CPU.Build.0 = Release|Any CPU
		{85116D9C-2379-4BBE-B6FA-2C63AC1C648F}.Debug|Any CPU.ActiveCfg = Debug|Any CPU
		{85116D9C-2379-4BBE-B6FA-2C63AC1C648F}.Debug|Any CPU.Build.0 = Debug|Any CPU
		{85116D9C-2379-4BBE-B6FA-2C63AC1C648F}.Release|Any CPU.ActiveCfg = Release|Any CPU
		{85116D9C-2379-4BBE-B6FA-2C63AC1C648F}.Release|Any CPU.Build.0 = Release|Any CPU
		{AE36313D-80B6-4C1F-A637-2CC209FE5E45}.Debug|Any CPU.ActiveCfg = Debug|Any CPU
		{AE36313D-80B6-4C1F-A637-2CC209FE5E45}.Debug|Any CPU.Build.0 = Debug|Any CPU
		{AE36313D-80B6-4C1F-A637-2CC209FE5E45}.Release|Any CPU.ActiveCfg = Release|Any CPU
		{AE36313D-80B6-4C1F-A637-2CC209FE5E45}.Release|Any CPU.Build.0 = Release|Any CPU
		{B0DB80E8-2B40-408E-B400-0BDC6FB26B78}.Debug|Any CPU.ActiveCfg = Debug|Any CPU
		{B0DB80E8-2B40-408E-B400-0BDC6FB26B78}.Debug|Any CPU.Build.0 = Debug|Any CPU
		{B0DB80E8-2B40-408E-B400-0BDC6FB26B78}.Release|Any CPU.ActiveCfg = Release|Any CPU
		{B0DB80E8-2B40-408E-B400-0BDC6FB26B78}.Release|Any CPU.Build.0 = Release|Any CPU
		{F040AA5A-DEF7-4C54-B4C2-90CF14B0ABB8}.Debug|Any CPU.ActiveCfg = Debug|Any CPU
		{F040AA5A-DEF7-4C54-B4C2-90CF14B0ABB8}.Debug|Any CPU.Build.0 = Debug|Any CPU
		{F040AA5A-DEF7-4C54-B4C2-90CF14B0ABB8}.Release|Any CPU.ActiveCfg = Release|Any CPU
		{F040AA5A-DEF7-4C54-B4C2-90CF14B0ABB8}.Release|Any CPU.Build.0 = Release|Any CPU
	EndGlobalSection
	GlobalSection(SolutionProperties) = preSolution
		HideSolutionNode = FALSE
	EndGlobalSection
	GlobalSection(ExtensibilityGlobals) = postSolution
		SolutionGuid = {60AB621E-D10E-41A7-83B4-24BC59DCD570}
	EndGlobalSection
EndGlobal
